
Microsoft Visual Studio Solution File, Format Version 12.00
# Visual Studio Version 16
VisualStudioVersion = 16.0.30011.22
MinimumVisualStudioVersion = 10.0.40219.1
Project("{FAE04EC0-301F-11D3-BF4B-00C04F79EFBC}") = "Prb.ClassesAndObjects.Core", "Prb.ClassesAndObjects.Core\Prb.ClassesAndObjects.Core.csproj", "{F27DB984-4908-4048-BC2D-1D045BDEEF38}"
EndProject
Project("{FAE04EC0-301F-11D3-BF4B-00C04F79EFBC}") = "Prb.ClassesAndObjects.Cons", "Prb.ClassesAndObjects.Cons\Prb.ClassesAndObjects.Cons.csproj", "{11F86B24-8DFC-4833-8781-EBCBC45FD3B6}"
EndProject
Project("{FAE04EC0-301F-11D3-BF4B-00C04F79EFBC}") = "Prb.ClassesAndObjects.Wpf", "Prb.ClassesAndObjects.Wpf\Prb.ClassesAndObjects.Wpf.csproj", "{83800D85-6F7A-41C2-827D-03524E1A8BB3}"
EndProject
Global
	GlobalSection(SolutionConfigurationPlatforms) = preSolution
		Debug|Any CPU = Debug|Any CPU
		Release|Any CPU = Release|Any CPU
	EndGlobalSection
	GlobalSection(ProjectConfigurationPlatforms) = postSolution
		{F27DB984-4908-4048-BC2D-1D045BDEEF38}.Debug|Any CPU.ActiveCfg = Debug|Any CPU
		{F27DB984-4908-4048-BC2D-1D045BDEEF38}.Debug|Any CPU.Build.0 = Debug|Any CPU
		{F27DB984-4908-4048-BC2D-1D045BDEEF38}.Release|Any CPU.ActiveCfg = Release|Any CPU
		{F27DB984-4908-4048-BC2D-1D045BDEEF38}.Release|Any CPU.Build.0 = Release|Any CPU
		{11F86B24-8DFC-4833-8781-EBCBC45FD3B6}.Debug|Any CPU.ActiveCfg = Debug|Any CPU
		{11F86B24-8DFC-4833-8781-EBCBC45FD3B6}.Debug|Any CPU.Build.0 = Debug|Any CPU
		{11F86B24-8DFC-4833-8781-EBCBC45FD3B6}.Release|Any CPU.ActiveCfg = Release|Any CPU
		{11F86B24-8DFC-4833-8781-EBCBC45FD3B6}.Release|Any CPU.Build.0 = Release|Any CPU
		{83800D85-6F7A-41C2-827D-03524E1A8BB3}.Debug|Any CPU.ActiveCfg = Debug|Any CPU
		{83800D85-6F7A-41C2-827D-03524E1A8BB3}.Debug|Any CPU.Build.0 = Debug|Any CPU
		{83800D85-6F7A-41C2-827D-03524E1A8BB3}.Release|Any CPU.ActiveCfg = Release|Any CPU
		{83800D85-6F7A-41C2-827D-03524E1A8BB3}.Release|Any CPU.Build.0 = Release|Any CPU
	EndGlobalSection
	GlobalSection(SolutionProperties) = preSolution
		HideSolutionNode = FALSE
	EndGlobalSection
	GlobalSection(ExtensibilityGlobals) = postSolution
		SolutionGuid = {3E3284C5-C6DF-4AB0-BBAF-172505A5E294}
	EndGlobalSection
EndGlobal
